
Microsoft Visual Studio Solution File, Format Version 12.00
# Visual Studio 15
VisualStudioVersion = 15.0.26124.0
MinimumVisualStudioVersion = 15.0.26124.0
Project("{FAE04EC0-301F-11D3-BF4B-00C04F79EFBC}") = "rrconsole", "rrconsole\rrconsole.csproj", "{4A5F0BC1-8624-410E-947A-AA9A1FF12828}"
EndProject
Project("{FAE04EC0-301F-11D3-BF4B-00C04F79EFBC}") = "rrlib", "rrlib\rrlib.csproj", "{CB49D727-15C0-49C2-B8D6-B638850C1176}"
EndProject
Project("{FAE04EC0-301F-11D3-BF4B-00C04F79EFBC}") = "rrlib.Tests", "rrlib.Tests\rrlib.Tests.csproj", "{350AA8E7-AF4D-4BDC-B370-CF9911902CB5}"
EndProject
Global
	GlobalSection(SolutionConfigurationPlatforms) = preSolution
		Debug|Any CPU = Debug|Any CPU
		Debug|x64 = Debug|x64
		Debug|x86 = Debug|x86
		Release|Any CPU = Release|Any CPU
		Release|x64 = Release|x64
		Release|x86 = Release|x86
	EndGlobalSection
	GlobalSection(SolutionProperties) = preSolution
		HideSolutionNode = FALSE
	EndGlobalSection
	GlobalSection(ProjectConfigurationPlatforms) = postSolution
		{4A5F0BC1-8624-410E-947A-AA9A1FF12828}.Debug|Any CPU.ActiveCfg = Debug|Any CPU
		{4A5F0BC1-8624-410E-947A-AA9A1FF12828}.Debug|Any CPU.Build.0 = Debug|Any CPU
		{4A5F0BC1-8624-410E-947A-AA9A1FF12828}.Debug|x64.ActiveCfg = Debug|Any CPU
		{4A5F0BC1-8624-410E-947A-AA9A1FF12828}.Debug|x64.Build.0 = Debug|Any CPU
		{4A5F0BC1-8624-410E-947A-AA9A1FF12828}.Debug|x86.ActiveCfg = Debug|Any CPU
		{4A5F0BC1-8624-410E-947A-AA9A1FF12828}.Debug|x86.Build.0 = Debug|Any CPU
		{4A5F0BC1-8624-410E-947A-AA9A1FF12828}.Release|Any CPU.ActiveCfg = Release|Any CPU
		{4A5F0BC1-8624-410E-947A-AA9A1FF12828}.Release|Any CPU.Build.0 = Release|Any CPU
		{4A5F0BC1-8624-410E-947A-AA9A1FF12828}.Release|x64.ActiveCfg = Release|Any CPU
		{4A5F0BC1-8624-410E-947A-AA9A1FF12828}.Release|x64.Build.0 = Release|Any CPU
		{4A5F0BC1-8624-410E-947A-AA9A1FF12828}.Release|x86.ActiveCfg = Release|Any CPU
		{4A5F0BC1-8624-410E-947A-AA9A1FF12828}.Release|x86.Build.0 = Release|Any CPU
		{CB49D727-15C0-49C2-B8D6-B638850C1176}.Debug|Any CPU.ActiveCfg = Debug|Any CPU
		{CB49D727-15C0-49C2-B8D6-B638850C1176}.Debug|Any CPU.Build.0 = Debug|Any CPU
		{CB49D727-15C0-49C2-B8D6-B638850C1176}.Debug|x64.ActiveCfg = Debug|Any CPU
		{CB49D727-15C0-49C2-B8D6-B638850C1176}.Debug|x64.Build.0 = Debug|Any CPU
		{CB49D727-15C0-49C2-B8D6-B638850C1176}.Debug|x86.ActiveCfg = Debug|Any CPU
		{CB49D727-15C0-49C2-B8D6-B638850C1176}.Debug|x86.Build.0 = Debug|Any CPU
		{CB49D727-15C0-49C2-B8D6-B638850C1176}.Release|Any CPU.ActiveCfg = Release|Any CPU
		{CB49D727-15C0-49C2-B8D6-B638850C1176}.Release|Any CPU.Build.0 = Release|Any CPU
		{CB49D727-15C0-49C2-B8D6-B638850C1176}.Release|x64.ActiveCfg = Release|Any CPU
		{CB49D727-15C0-49C2-B8D6-B638850C1176}.Release|x64.Build.0 = Release|Any CPU
		{CB49D727-15C0-49C2-B8D6-B638850C1176}.Release|x86.ActiveCfg = Release|Any CPU
		{CB49D727-15C0-49C2-B8D6-B638850C1176}.Release|x86.Build.0 = Release|Any CPU
		{350AA8E7-AF4D-4BDC-B370-CF9911902CB5}.Debug|Any CPU.ActiveCfg = Debug|Any CPU
		{350AA8E7-AF4D-4BDC-B370-CF9911902CB5}.Debug|Any CPU.Build.0 = Debug|Any CPU
		{350AA8E7-AF4D-4BDC-B370-CF9911902CB5}.Debug|x64.ActiveCfg = Debug|Any CPU
		{350AA8E7-AF4D-4BDC-B370-CF9911902CB5}.Debug|x64.Build.0 = Debug|Any CPU
		{350AA8E7-AF4D-4BDC-B370-CF9911902CB5}.Debug|x86.ActiveCfg = Debug|Any CPU
		{350AA8E7-AF4D-4BDC-B370-CF9911902CB5}.Debug|x86.Build.0 = Debug|Any CPU
		{350AA8E7-AF4D-4BDC-B370-CF9911902CB5}.Release|Any CPU.ActiveCfg = Release|Any CPU
		{350AA8E7-AF4D-4BDC-B370-CF9911902CB5}.Release|Any CPU.Build.0 = Release|Any CPU
		{350AA8E7-AF4D-4BDC-B370-CF9911902CB5}.Release|x64.ActiveCfg = Release|Any CPU
		{350AA8E7-AF4D-4BDC-B370-CF9911902CB5}.Release|x64.Build.0 = Release|Any CPU
		{350AA8E7-AF4D-4BDC-B370-CF9911902CB5}.Release|x86.ActiveCfg = Release|Any CPU
		{350AA8E7-AF4D-4BDC-B370-CF9911902CB5}.Release|x86.Build.0 = Release|Any CPU
	EndGlobalSection
EndGlobal
